
Microsoft Visual Studio Solution File, Format Version 12.00
# Visual Studio Version 17
VisualStudioVersion = 17.14.37301.10 d17.14
MinimumVisualStudioVersion = 10.0.40219.1
Project("{FAE04EC0-301F-11D3-BF4B-00C04F79EFBC}") = "Finanzas", "Finanzas\Finanzas.csproj", "{54A36804-93F1-41D2-A5AC-92BD9E993E6E}"
EndProject
Global
	GlobalSection(SolutionConfigurationPlatforms) = preSolution
		Debug|Any CPU = Debug|Any CPU
		Release|Any CPU = Release|Any CPU
	EndGlobalSection
	GlobalSection(ProjectConfigurationPlatforms) = postSolution
		{54A36804-93F1-41D2-A5AC-92BD9E993E6E}.Debug|Any CPU.ActiveCfg = Debug|Any CPU
		{54A36804-93F1-41D2-A5AC-92BD9E993E6E}.Debug|Any CPU.Build.0 = Debug|Any CPU
		{54A36804-93F1-41D2-A5AC-92BD9E993E6E}.Release|Any CPU.ActiveCfg = Release|Any CPU
		{54A36804-93F1-41D2-A5AC-92BD9E993E6E}.Release|Any CPU.Build.0 = Release|Any CPU
	EndGlobalSection
	GlobalSection(SolutionProperties) = preSolution
		HideSolutionNode = FALSE
	EndGlobalSection
	GlobalSection(ExtensibilityGlobals) = postSolution
		SolutionGuid = {AB84AC33-C45B-4999-8F01-CAA8EE29702B}
	EndGlobalSection
EndGlobal
